
Microsoft Visual Studio Solution File, Format Version 12.00
# Visual Studio Version 16
VisualStudioVersion = 16.0.31624.102
MinimumVisualStudioVersion = 10.0.40219.1
Project("{8BC9CEB8-8B4A-11D0-8D11-00A0C91BC942}") = "2021_9_23", "2021_9_23\2021_9_23.vcxproj", "{94A52193-D8B2-4255-ADF0-5994D6A6703C}"
EndProject
Global
	GlobalSection(SolutionConfigurationPlatforms) = preSolution
		Debug|x64 = Debug|x64
		Debug|x86 = Debug|x86
		Release|x64 = Release|x64
		Release|x86 = Release|x86
	EndGlobalSection
	GlobalSection(ProjectConfigurationPlatforms) = postSolution
		{94A52193-D8B2-4255-ADF0-5994D6A6703C}.Debug|x64.ActiveCfg = Debug|x64
		{94A52193-D8B2-4255-ADF0-5994D6A6703C}.Debug|x64.Build.0 = Debug|x64
		{94A52193-D8B2-4255-ADF0-5994D6A6703C}.Debug|x86.ActiveCfg = Debug|Win32
		{94A52193-D8B2-4255-ADF0-5994D6A6703C}.Debug|x86.Build.0 = Debug|Win32
		{94A52193-D8B2-4255-ADF0-5994D6A6703C}.Release|x64.ActiveCfg = Release|x64
		{94A52193-D8B2-4255-ADF0-5994D6A6703C}.Release|x64.Build.0 = Release|x64
		{94A52193-D8B2-4255-ADF0-5994D6A6703C}.Release|x86.ActiveCfg = Release|Win32
		{94A52193-D8B2-4255-ADF0-5994D6A6703C}.Release|x86.Build.0 = Release|Win32
	EndGlobalSection
	GlobalSection(SolutionProperties) = preSolution
		HideSolutionNode = FALSE
	EndGlobalSection
	GlobalSection(ExtensibilityGlobals) = postSolution
		SolutionGuid = {EEE87099-59B3-43B1-AD34-F92781A10C67}
	EndGlobalSection
EndGlobal
