
Microsoft Visual Studio Solution File, Format Version 12.00
# Visual Studio Version 16
VisualStudioVersion = 16.0.31702.278
MinimumVisualStudioVersion = 10.0.40219.1
Project("{8BC9CEB8-8B4A-11D0-8D11-00A0C91BC942}") = "武汉工程大学第四届ACM程序设计热身赛（多校联赛）", "武汉工程大学第四届ACM程序设计热身赛（多校联赛）\武汉工程大学第四届ACM程序设计热身赛（多校联赛）.vcxproj", "{5F867467-32C9-42E7-8A42-BE5ED93D7561}"
EndProject
Global
	GlobalSection(SolutionConfigurationPlatforms) = preSolution
		Debug|x64 = Debug|x64
		Debug|x86 = Debug|x86
		Release|x64 = Release|x64
		Release|x86 = Release|x86
	EndGlobalSection
	GlobalSection(ProjectConfigurationPlatforms) = postSolution
		{5F867467-32C9-42E7-8A42-BE5ED93D7561}.Debug|x64.ActiveCfg = Debug|x64
		{5F867467-32C9-42E7-8A42-BE5ED93D7561}.Debug|x64.Build.0 = Debug|x64
		{5F867467-32C9-42E7-8A42-BE5ED93D7561}.Debug|x86.ActiveCfg = Debug|Win32
		{5F867467-32C9-42E7-8A42-BE5ED93D7561}.Debug|x86.Build.0 = Debug|Win32
		{5F867467-32C9-42E7-8A42-BE5ED93D7561}.Release|x64.ActiveCfg = Release|x64
		{5F867467-32C9-42E7-8A42-BE5ED93D7561}.Release|x64.Build.0 = Release|x64
		{5F867467-32C9-42E7-8A42-BE5ED93D7561}.Release|x86.ActiveCfg = Release|Win32
		{5F867467-32C9-42E7-8A42-BE5ED93D7561}.Release|x86.Build.0 = Release|Win32
	EndGlobalSection
	GlobalSection(SolutionProperties) = preSolution
		HideSolutionNode = FALSE
	EndGlobalSection
	GlobalSection(ExtensibilityGlobals) = postSolution
		SolutionGuid = {D219D9B5-B878-4EE3-AA69-373414FF9BBA}
	EndGlobalSection
EndGlobal
