
Microsoft Visual Studio Solution File, Format Version 12.00
# Visual Studio Version 16
VisualStudioVersion = 16.0.31702.278
MinimumVisualStudioVersion = 10.0.40219.1
Project("{8BC9CEB8-8B4A-11D0-8D11-00A0C91BC942}") = "武汉工程大学第四届ACM程序设计新生赛（多校联赛）", "武汉工程大学第四届ACM程序设计新生赛（多校联赛）\武汉工程大学第四届ACM程序设计新生赛（多校联赛）.vcxproj", "{B20F7EB4-AD48-4138-84DB-E8BC7A7CD489}"
EndProject
Global
	GlobalSection(SolutionConfigurationPlatforms) = preSolution
		Debug|x64 = Debug|x64
		Debug|x86 = Debug|x86
		Release|x64 = Release|x64
		Release|x86 = Release|x86
	EndGlobalSection
	GlobalSection(ProjectConfigurationPlatforms) = postSolution
		{B20F7EB4-AD48-4138-84DB-E8BC7A7CD489}.Debug|x64.ActiveCfg = Debug|x64
		{B20F7EB4-AD48-4138-84DB-E8BC7A7CD489}.Debug|x64.Build.0 = Debug|x64
		{B20F7EB4-AD48-4138-84DB-E8BC7A7CD489}.Debug|x86.ActiveCfg = Debug|Win32
		{B20F7EB4-AD48-4138-84DB-E8BC7A7CD489}.Debug|x86.Build.0 = Debug|Win32
		{B20F7EB4-AD48-4138-84DB-E8BC7A7CD489}.Release|x64.ActiveCfg = Release|x64
		{B20F7EB4-AD48-4138-84DB-E8BC7A7CD489}.Release|x64.Build.0 = Release|x64
		{B20F7EB4-AD48-4138-84DB-E8BC7A7CD489}.Release|x86.ActiveCfg = Release|Win32
		{B20F7EB4-AD48-4138-84DB-E8BC7A7CD489}.Release|x86.Build.0 = Release|Win32
	EndGlobalSection
	GlobalSection(SolutionProperties) = preSolution
		HideSolutionNode = FALSE
	EndGlobalSection
	GlobalSection(ExtensibilityGlobals) = postSolution
		SolutionGuid = {A9555B57-0241-4ABB-A01F-03C569B46ED8}
	EndGlobalSection
EndGlobal
