
Microsoft Visual Studio Solution File, Format Version 12.00
# Visual Studio Version 17
VisualStudioVersion = 17.1.32210.238
MinimumVisualStudioVersion = 10.0.40219.1
Project("{8BC9CEB8-8B4A-11D0-8D11-00A0C91BC942}") = "Date Stucture", "Date Stucture\Date Stucture.vcxproj", "{97630F46-8CB8-4B64-8949-3148563B73DA}"
EndProject
Global
	GlobalSection(SolutionConfigurationPlatforms) = preSolution
		Debug|x64 = Debug|x64
		Debug|x86 = Debug|x86
		Release|x64 = Release|x64
		Release|x86 = Release|x86
	EndGlobalSection
	GlobalSection(ProjectConfigurationPlatforms) = postSolution
		{97630F46-8CB8-4B64-8949-3148563B73DA}.Debug|x64.ActiveCfg = Debug|x64
		{97630F46-8CB8-4B64-8949-3148563B73DA}.Debug|x64.Build.0 = Debug|x64
		{97630F46-8CB8-4B64-8949-3148563B73DA}.Debug|x86.ActiveCfg = Debug|Win32
		{97630F46-8CB8-4B64-8949-3148563B73DA}.Debug|x86.Build.0 = Debug|Win32
		{97630F46-8CB8-4B64-8949-3148563B73DA}.Release|x64.ActiveCfg = Release|x64
		{97630F46-8CB8-4B64-8949-3148563B73DA}.Release|x64.Build.0 = Release|x64
		{97630F46-8CB8-4B64-8949-3148563B73DA}.Release|x86.ActiveCfg = Release|Win32
		{97630F46-8CB8-4B64-8949-3148563B73DA}.Release|x86.Build.0 = Release|Win32
	EndGlobalSection
	GlobalSection(SolutionProperties) = preSolution
		HideSolutionNode = FALSE
	EndGlobalSection
	GlobalSection(ExtensibilityGlobals) = postSolution
		SolutionGuid = {5232A598-ACAB-4CE8-8EC7-AA7495C52E85}
	EndGlobalSection
EndGlobal
