
Microsoft Visual Studio Solution File, Format Version 12.00
# Visual Studio Version 17
VisualStudioVersion = 17.1.32210.238
MinimumVisualStudioVersion = 10.0.40219.1
Project("{8BC9CEB8-8B4A-11D0-8D11-00A0C91BC942}") = "Data Stucture", "Data Stucture\Data Stucture.vcxproj", "{5E66F9E3-6BCC-4F36-BDF1-C94BAC35CC1D}"
EndProject
Global
	GlobalSection(SolutionConfigurationPlatforms) = preSolution
		Debug|x64 = Debug|x64
		Debug|x86 = Debug|x86
		Release|x64 = Release|x64
		Release|x86 = Release|x86
	EndGlobalSection
	GlobalSection(ProjectConfigurationPlatforms) = postSolution
		{5E66F9E3-6BCC-4F36-BDF1-C94BAC35CC1D}.Debug|x64.ActiveCfg = Debug|x64
		{5E66F9E3-6BCC-4F36-BDF1-C94BAC35CC1D}.Debug|x64.Build.0 = Debug|x64
		{5E66F9E3-6BCC-4F36-BDF1-C94BAC35CC1D}.Debug|x86.ActiveCfg = Debug|Win32
		{5E66F9E3-6BCC-4F36-BDF1-C94BAC35CC1D}.Debug|x86.Build.0 = Debug|Win32
		{5E66F9E3-6BCC-4F36-BDF1-C94BAC35CC1D}.Release|x64.ActiveCfg = Release|x64
		{5E66F9E3-6BCC-4F36-BDF1-C94BAC35CC1D}.Release|x64.Build.0 = Release|x64
		{5E66F9E3-6BCC-4F36-BDF1-C94BAC35CC1D}.Release|x86.ActiveCfg = Release|Win32
		{5E66F9E3-6BCC-4F36-BDF1-C94BAC35CC1D}.Release|x86.Build.0 = Release|Win32
	EndGlobalSection
	GlobalSection(SolutionProperties) = preSolution
		HideSolutionNode = FALSE
	EndGlobalSection
	GlobalSection(ExtensibilityGlobals) = postSolution
		SolutionGuid = {BEFE5540-5415-407C-9BAF-50B13A223584}
	EndGlobalSection
EndGlobal
